
Microsoft Visual Studio Solution File, Format Version 12.00
# Visual Studio Version 17
VisualStudioVersion = 17.0.31903.59
MinimumVisualStudioVersion = 10.0.40219.1
Project("{FAE04EC0-301F-11D3-BF4B-00C04F79EFBC}") = "CodexQuota.Core", "CodexQuota.Core\CodexQuota.Core.csproj", "{3CE26B32-220A-408C-9F15-31078F8C27E6}"
EndProject
Project("{FAE04EC0-301F-11D3-BF4B-00C04F79EFBC}") = "CodexQuota.Core.Tests", "..\..\tests\windows\CodexQuota.Core.Tests\CodexQuota.Core.Tests.csproj", "{51A8F6E3-8B66-4984-9B5E-9E5BD12A59A9}"
EndProject
Project("{FAE04EC0-301F-11D3-BF4B-00C04F79EFBC}") = "CodexQuota.Codex", "CodexQuota.Codex\CodexQuota.Codex.csproj", "{34D4632B-1C2D-41DD-AB93-1AFF189B29C0}"
EndProject
Project("{FAE04EC0-301F-11D3-BF4B-00C04F79EFBC}") = "CodexQuota.Codex.Tests", "..\..\tests\windows\CodexQuota.Codex.Tests\CodexQuota.Codex.Tests.csproj", "{30A663AC-D346-497F-B832-B23FA2CC15D2}"
EndProject
Project("{FAE04EC0-301F-11D3-BF4B-00C04F79EFBC}") = "CodexQuota.Storage", "CodexQuota.Storage\CodexQuota.Storage.csproj", "{0BE8BF78-4FCE-47FF-8EE9-D6BC7D718E96}"
EndProject
Project("{FAE04EC0-301F-11D3-BF4B-00C04F79EFBC}") = "CodexQuota.Storage.Tests", "..\..\tests\windows\CodexQuota.Storage.Tests\CodexQuota.Storage.Tests.csproj", "{3CBD8EB3-BBD8-4E3C-B91D-BD5395408941}"
EndProject
Project("{FAE04EC0-301F-11D3-BF4B-00C04F79EFBC}") = "CodexQuota.Desktop", "CodexQuota.Desktop\CodexQuota.Desktop.csproj", "{8A55B7FF-4C5F-48D3-A43E-4810F339E407}"
EndProject
Project("{FAE04EC0-301F-11D3-BF4B-00C04F79EFBC}") = "CodexQuota.IntegrationTests", "..\..\tests\windows\CodexQuota.IntegrationTests\CodexQuota.IntegrationTests.csproj", "{92184BA5-872C-4163-B7CA-C53BFD84F3F9}"
EndProject
Global
	GlobalSection(SolutionConfigurationPlatforms) = preSolution
		Debug|Any CPU = Debug|Any CPU
		Release|Any CPU = Release|Any CPU
	EndGlobalSection
	GlobalSection(SolutionProperties) = preSolution
		HideSolutionNode = FALSE
	EndGlobalSection
	GlobalSection(ProjectConfigurationPlatforms) = postSolution
		{3CE26B32-220A-408C-9F15-31078F8C27E6}.Debug|Any CPU.ActiveCfg = Debug|Any CPU
		{3CE26B32-220A-408C-9F15-31078F8C27E6}.Debug|Any CPU.Build.0 = Debug|Any CPU
		{3CE26B32-220A-408C-9F15-31078F8C27E6}.Release|Any CPU.ActiveCfg = Release|Any CPU
		{3CE26B32-220A-408C-9F15-31078F8C27E6}.Release|Any CPU.Build.0 = Release|Any CPU
		{51A8F6E3-8B66-4984-9B5E-9E5BD12A59A9}.Debug|Any CPU.ActiveCfg = Debug|Any CPU
		{51A8F6E3-8B66-4984-9B5E-9E5BD12A59A9}.Debug|Any CPU.Build.0 = Debug|Any CPU
		{51A8F6E3-8B66-4984-9B5E-9E5BD12A59A9}.Release|Any CPU.ActiveCfg = Release|Any CPU
		{51A8F6E3-8B66-4984-9B5E-9E5BD12A59A9}.Release|Any CPU.Build.0 = Release|Any CPU
		{34D4632B-1C2D-41DD-AB93-1AFF189B29C0}.Debug|Any CPU.ActiveCfg = Debug|Any CPU
		{34D4632B-1C2D-41DD-AB93-1AFF189B29C0}.Debug|Any CPU.Build.0 = Debug|Any CPU
		{34D4632B-1C2D-41DD-AB93-1AFF189B29C0}.Release|Any CPU.ActiveCfg = Release|Any CPU
		{34D4632B-1C2D-41DD-AB93-1AFF189B29C0}.Release|Any CPU.Build.0 = Release|Any CPU
		{30A663AC-D346-497F-B832-B23FA2CC15D2}.Debug|Any CPU.ActiveCfg = Debug|Any CPU
		{30A663AC-D346-497F-B832-B23FA2CC15D2}.Debug|Any CPU.Build.0 = Debug|Any CPU
		{30A663AC-D346-497F-B832-B23FA2CC15D2}.Release|Any CPU.ActiveCfg = Release|Any CPU
		{30A663AC-D346-497F-B832-B23FA2CC15D2}.Release|Any CPU.Build.0 = Release|Any CPU
		{0BE8BF78-4FCE-47FF-8EE9-D6BC7D718E96}.Debug|Any CPU.ActiveCfg = Debug|Any CPU
		{0BE8BF78-4FCE-47FF-8EE9-D6BC7D718E96}.Debug|Any CPU.Build.0 = Debug|Any CPU
		{0BE8BF78-4FCE-47FF-8EE9-D6BC7D718E96}.Release|Any CPU.ActiveCfg = Release|Any CPU
		{0BE8BF78-4FCE-47FF-8EE9-D6BC7D718E96}.Release|Any CPU.Build.0 = Release|Any CPU
		{3CBD8EB3-BBD8-4E3C-B91D-BD5395408941}.Debug|Any CPU.ActiveCfg = Debug|Any CPU
		{3CBD8EB3-BBD8-4E3C-B91D-BD5395408941}.Debug|Any CPU.Build.0 = Debug|Any CPU
		{3CBD8EB3-BBD8-4E3C-B91D-BD5395408941}.Release|Any CPU.ActiveCfg = Release|Any CPU
		{3CBD8EB3-BBD8-4E3C-B91D-BD5395408941}.Release|Any CPU.Build.0 = Release|Any CPU
		{8A55B7FF-4C5F-48D3-A43E-4810F339E407}.Debug|Any CPU.ActiveCfg = Debug|Any CPU
		{8A55B7FF-4C5F-48D3-A43E-4810F339E407}.Debug|Any CPU.Build.0 = Debug|Any CPU
		{8A55B7FF-4C5F-48D3-A43E-4810F339E407}.Release|Any CPU.ActiveCfg = Release|Any CPU
		{8A55B7FF-4C5F-48D3-A43E-4810F339E407}.Release|Any CPU.Build.0 = Release|Any CPU
		{92184BA5-872C-4163-B7CA-C53BFD84F3F9}.Debug|Any CPU.ActiveCfg = Debug|Any CPU
		{92184BA5-872C-4163-B7CA-C53BFD84F3F9}.Debug|Any CPU.Build.0 = Debug|Any CPU
		{92184BA5-872C-4163-B7CA-C53BFD84F3F9}.Release|Any CPU.ActiveCfg = Release|Any CPU
		{92184BA5-872C-4163-B7CA-C53BFD84F3F9}.Release|Any CPU.Build.0 = Release|Any CPU
	EndGlobalSection
EndGlobal
